<Solution>
  <Project Path="MoreMountains.Tools.csproj" />
  <Project Path="Assembly-CSharp.csproj" />
  <Project Path="Fusion.Addons.Physics.csproj" />
  <Project Path="MoreMountains.Tools.Editor.csproj" />
  <Project Path="Febucci.TextAnimatorForUnity.Runtime.csproj" />
  <Project Path="Febucci.TextAnimator.Demo.Runtime.csproj" />
  <Project Path="Lofelt.NiceVibrations.csproj" />
  <Project Path="Assembly-CSharp-Editor.csproj" />
  <Project Path="DamageNumbersPro.csproj" />
  <Project Path="Fusion.Unity.csproj" />
  <Project Path="Febucci.TextAnimatorForUnity.TMP.Runtime.csproj" />
  <Project Path="Lofelt.NiceVibrations.Demo.csproj" />
  <Project Path="Lofelt.NiceVibrations.Editor.csproj" />
  <Project Path="Febucci.Attributes.Runtime.csproj" />
  <Project Path="Fusion.Unity.Editor.csproj" />
  <Project Path="VoxelLabs.UltimatePreview.Lib.csproj" />
  <Project Path="Febucci.TextAnimatorForUnity.Input.Runtime.csproj" />
  <Project Path="Febucci.TextAnimatorForUnity.UITk.Runtime.csproj" />
  <Project Path="Unity.Fusion.CodeGen.csproj" />
  <Project Path="Fusion.Addons.Physics.Editor.csproj" />
</Solution>
